// !$*UTF8*$!
{
	archiveVersion = 1;
	classes = {
	};
	objectVersion = 50;
	objects = {

/* Begin PBXBuildFile section */
		9606649D25D4B056007AC8D1 /* TutorialViewController.swift in Sources */ = {isa = PBXBuildFile; fileRef = 9606649C25D4B056007AC8D1 /* TutorialViewController.swift */; };
		960664A525D4B06D007AC8D1 /* InfoViewController.swift in Sources */ = {isa = PBXBuildFile; fileRef = 960664A425D4B06D007AC8D1 /* InfoViewController.swift */; };
		960664BE25D4CF4B007AC8D1 /* CalculateSolutions.swift in Sources */ = {isa = PBXBuildFile; fileRef = 960664BD25D4CF4B007AC8D1 /* CalculateSolutions.swift */; };
		960664CF25D5C72A007AC8D1 /* SingleSolutionTableViewCell.swift in Sources */ = {isa = PBXBuildFile; fileRef = 960664CD25D5C72A007AC8D1 /* SingleSolutionTableViewCell.swift */; };
		960664D025D5C72A007AC8D1 /* SingleSolutionTableViewCell.xib in Resources */ = {isa = PBXBuildFile; fileRef = 960664CE25D5C72A007AC8D1 /* SingleSolutionTableViewCell.xib */; };
		9611233A25C81E180016C7F9 /* TargetTextFieldView.xib in Resources */ = {isa = PBXBuildFile; fileRef = 9611233825C81E180016C7F9 /* TargetTextFieldView.xib */; };
		9611233B25C81E180016C7F9 /* TargetTextFieldView.swift in Sources */ = {isa = PBXBuildFile; fileRef = 9611233925C81E180016C7F9 /* TargetTextFieldView.swift */; };
		9611239325CA60DC0016C7F9 /* ReusableTextFieldView.xib in Resources */ = {isa = PBXBuildFile; fileRef = 9611239125CA60DC0016C7F9 /* ReusableTextFieldView.xib */; };
		9611239425CA60DC0016C7F9 /* ReusableTextFieldView.swift in Sources */ = {isa = PBXBuildFile; fileRef = 9611239225CA60DC0016C7F9 /* ReusableTextFieldView.swift */; };
		9657FCD025D468650062CD02 /* Constants.swift in Sources */ = {isa = PBXBuildFile; fileRef = 9657FCCF25D468650062CD02 /* Constants.swift */; };
		967BF52125CF283100F3B5A3 /* ReusableButtonView.swift in Sources */ = {isa = PBXBuildFile; fileRef = 967BF52025CF283100F3B5A3 /* ReusableButtonView.swift */; };
		967BF52625CF2D8700F3B5A3 /* ReusableButtonView.xib in Resources */ = {isa = PBXBuildFile; fileRef = 967BF52525CF2D8700F3B5A3 /* ReusableButtonView.xib */; };
		967BF53325CF382600F3B5A3 /* NibLoadingView.swift in Sources */ = {isa = PBXBuildFile; fileRef = 967BF53225CF382600F3B5A3 /* NibLoadingView.swift */; };
		96A1E4C225C7EBCB006F9DD6 /* Nunito-Regular.ttf in Resources */ = {isa = PBXBuildFile; fileRef = 96A1E4BD25C7EBCB006F9DD6 /* Nunito-Regular.ttf */; };
		96A1E4C325C7EBCB006F9DD6 /* Nunito-Bold.ttf in Resources */ = {isa = PBXBuildFile; fileRef = 96A1E4BE25C7EBCB006F9DD6 /* Nunito-Bold.ttf */; };
		96A1E4C425C7EBCB006F9DD6 /* Nunito-Black.ttf in Resources */ = {isa = PBXBuildFile; fileRef = 96A1E4BF25C7EBCB006F9DD6 /* Nunito-Black.ttf */; };
		96A1E4C525C7EBCB006F9DD6 /* Nunito-BlackItalic.ttf in Resources */ = {isa = PBXBuildFile; fileRef = 96A1E4C025C7EBCB006F9DD6 /* Nunito-BlackItalic.ttf */; };
		96A1E4C625C7EBCB006F9DD6 /* OFL.txt in Resources */ = {isa = PBXBuildFile; fileRef = 96A1E4C125C7EBCB006F9DD6 /* OFL.txt */; };
		96BFFD1625D30A5000093E6F /* TooltipView.xib in Resources */ = {isa = PBXBuildFile; fileRef = 96BFFD1325D30A5000093E6F /* TooltipView.xib */; };
		96BFFD1725D30A5000093E6F /* TooltipView.swift in Sources */ = {isa = PBXBuildFile; fileRef = 96BFFD1425D30A5000093E6F /* TooltipView.swift */; };
		96CC22F125C0C26300179F85 /* AppDelegate.swift in Sources */ = {isa = PBXBuildFile; fileRef = 96CC22F025C0C26300179F85 /* AppDelegate.swift */; };
		96CC22F325C0C26300179F85 /* SceneDelegate.swift in Sources */ = {isa = PBXBuildFile; fileRef = 96CC22F225C0C26300179F85 /* SceneDelegate.swift */; };
		96CC22F525C0C26300179F85 /* ViewController.swift in Sources */ = {isa = PBXBuildFile; fileRef = 96CC22F425C0C26300179F85 /* ViewController.swift */; };
		96CC22F825C0C26300179F85 /* Main.storyboard in Resources */ = {isa = PBXBuildFile; fileRef = 96CC22F625C0C26300179F85 /* Main.storyboard */; };
		96CC22FA25C0C26500179F85 /* Assets.xcassets in Resources */ = {isa = PBXBuildFile; fileRef = 96CC22F925C0C26500179F85 /* Assets.xcassets */; };
		96CC22FD25C0C26500179F85 /* LaunchScreen.storyboard in Resources */ = {isa = PBXBuildFile; fileRef = 96CC22FB25C0C26500179F85 /* LaunchScreen.storyboard */; };
		96CC230825C0C26500179F85 /* _24CalculatorTests.swift in Sources */ = {isa = PBXBuildFile; fileRef = 96CC230725C0C26500179F85 /* _24CalculatorTests.swift */; };
		96CC231325C0C26600179F85 /* _24CalculatorUITests.swift in Sources */ = {isa = PBXBuildFile; fileRef = 96CC231225C0C26600179F85 /* _24CalculatorUITests.swift */; };
		C271E5B2A947627EB49BB93D /* Pods_24Calculator_24CalculatorUITests.framework in Frameworks */ = {isa = PBXBuildFile; fileRef = 4E703293F4135647A8CE6647 /* Pods_24Calculator_24CalculatorUITests.framework */; };
		D77FF277CA694951920D61C0 /* Pods_24Calculator.framework in Frameworks */ = {isa = PBXBuildFile; fileRef = E274E14580F61472EF2C7AE1 /* Pods_24Calculator.framework */; };
/* End PBXBuildFile section */

/* Begin PBXContainerItemProxy section */
		96CC230425C0C26500179F85 /* PBXContainerItemProxy */ = {
			isa = PBXContainerItemProxy;
			containerPortal = 96CC22E525C0C26300179F85 /* Project object */;
			proxyType = 1;
			remoteGlobalIDString = 96CC22EC25C0C26300179F85;
			remoteInfo = 24Calculator;
		};
		96CC230F25C0C26500179F85 /* PBXContainerItemProxy */ = {
			isa = PBXContainerItemProxy;
			containerPortal = 96CC22E525C0C26300179F85 /* Project object */;
			proxyType = 1;
			remoteGlobalIDString = 96CC22EC25C0C26300179F85;
			remoteInfo = 24Calculator;
		};
/* End PBXContainerItemProxy section */

/* Begin PBXFileReference section */
		4E703293F4135647A8CE6647 /* Pods_24Calculator_24CalculatorUITests.framework */ = {isa = PBXFileReference; explicitFileType = wrapper.framework; includeInIndex = 0; path = Pods_24Calculator_24CalculatorUITests.framework; sourceTree = BUILT_PRODUCTS_DIR; };
		9606649C25D4B056007AC8D1 /* TutorialViewController.swift */ = {isa = PBXFileReference; lastKnownFileType = sourcecode.swift; path = TutorialViewController.swift; sourceTree = "<group>"; };
		960664A425D4B06D007AC8D1 /* InfoViewController.swift */ = {isa = PBXFileReference; lastKnownFileType = sourcecode.swift; path = InfoViewController.swift; sourceTree = "<group>"; };
		960664BD25D4CF4B007AC8D1 /* CalculateSolutions.swift */ = {isa = PBXFileReference; lastKnownFileType = sourcecode.swift; path = CalculateSolutions.swift; sourceTree = "<group>"; };
		960664CD25D5C72A007AC8D1 /* SingleSolutionTableViewCell.swift */ = {isa = PBXFileReference; lastKnownFileType = sourcecode.swift; path = SingleSolutionTableViewCell.swift; sourceTree = "<group>"; };
		960664CE25D5C72A007AC8D1 /* SingleSolutionTableViewCell.xib */ = {isa = PBXFileReference; lastKnownFileType = file.xib; path = SingleSolutionTableViewCell.xib; sourceTree = "<group>"; };
		9611233825C81E180016C7F9 /* TargetTextFieldView.xib */ = {isa = PBXFileReference; fileEncoding = 4; lastKnownFileType = file.xib; path = TargetTextFieldView.xib; sourceTree = "<group>"; };
		9611233925C81E180016C7F9 /* TargetTextFieldView.swift */ = {isa = PBXFileReference; fileEncoding = 4; lastKnownFileType = sourcecode.swift; path = TargetTextFieldView.swift; sourceTree = "<group>"; };
		9611239125CA60DC0016C7F9 /* ReusableTextFieldView.xib */ = {isa = PBXFileReference; fileEncoding = 4; lastKnownFileType = file.xib; path = ReusableTextFieldView.xib; sourceTree = "<group>"; };
		9611239225CA60DC0016C7F9 /* ReusableTextFieldView.swift */ = {isa = PBXFileReference; fileEncoding = 4; lastKnownFileType = sourcecode.swift; path = ReusableTextFieldView.swift; sourceTree = "<group>"; };
		9657FCCF25D468650062CD02 /* Constants.swift */ = {isa = PBXFileReference; lastKnownFileType = sourcecode.swift; path = Constants.swift; sourceTree = "<group>"; };
		967BF52025CF283100F3B5A3 /* ReusableButtonView.swift */ = {isa = PBXFileReference; lastKnownFileType = sourcecode.swift; path = ReusableButtonView.swift; sourceTree = "<group>"; };
		967BF52525CF2D8700F3B5A3 /* ReusableButtonView.xib */ = {isa = PBXFileReference; lastKnownFileType = file.xib; path = ReusableButtonView.xib; sourceTree = "<group>"; };
		967BF53225CF382600F3B5A3 /* NibLoadingView.swift */ = {isa = PBXFileReference; lastKnownFileType = sourcecode.swift; path = NibLoadingView.swift; sourceTree = "<group>"; };
		96A1E4BD25C7EBCB006F9DD6 /* Nunito-Regular.ttf */ = {isa = PBXFileReference; lastKnownFileType = file; path = "Nunito-Regular.ttf"; sourceTree = "<group>"; };
		96A1E4BE25C7EBCB006F9DD6 /* Nunito-Bold.ttf */ = {isa = PBXFileReference; lastKnownFileType = file; path = "Nunito-Bold.ttf"; sourceTree = "<group>"; };
		96A1E4BF25C7EBCB006F9DD6 /* Nunito-Black.ttf */ = {isa = PBXFileReference; lastKnownFileType = file; path = "Nunito-Black.ttf"; sourceTree = "<group>"; };
		96A1E4C025C7EBCB006F9DD6 /* Nunito-BlackItalic.ttf */ = {isa = PBXFileReference; lastKnownFileType = file; path = "Nunito-BlackItalic.ttf"; sourceTree = "<group>"; };
		96A1E4C125C7EBCB006F9DD6 /* OFL.txt */ = {isa = PBXFileReference; fileEncoding = 4; lastKnownFileType = text; path = OFL.txt; sourceTree = "<group>"; };
		96BFFD1325D30A5000093E6F /* TooltipView.xib */ = {isa = PBXFileReference; fileEncoding = 4; lastKnownFileType = file.xib; path = TooltipView.xib; sourceTree = "<group>"; };
		96BFFD1425D30A5000093E6F /* TooltipView.swift */ = {isa = PBXFileReference; fileEncoding = 4; lastKnownFileType = sourcecode.swift; path = TooltipView.swift; sourceTree = "<group>"; };
		96CC22ED25C0C26300179F85 /* 24Calculator.app */ = {isa = PBXFileReference; explicitFileType = wrapper.application; includeInIndex = 0; path = 24Calculator.app; sourceTree = BUILT_PRODUCTS_DIR; };
		96CC22F025C0C26300179F85 /* AppDelegate.swift */ = {isa = PBXFileReference; lastKnownFileType = sourcecode.swift; path = AppDelegate.swift; sourceTree = "<group>"; };
		96CC22F225C0C26300179F85 /* SceneDelegate.swift */ = {isa = PBXFileReference; lastKnownFileType = sourcecode.swift; path = SceneDelegate.swift; sourceTree = "<group>"; };
		96CC22F425C0C26300179F85 /* ViewController.swift */ = {isa = PBXFileReference; lastKnownFileType = sourcecode.swift; path = ViewController.swift; sourceTree = "<group>"; };
		96CC22F725C0C26300179F85 /* Base */ = {isa = PBXFileReference; lastKnownFileType = file.storyboard; name = Base; path = Base.lproj/Main.storyboard; sourceTree = "<group>"; };
		96CC22F925C0C26500179F85 /* Assets.xcassets */ = {isa = PBXFileReference; lastKnownFileType = folder.assetcatalog; path = Assets.xcassets; sourceTree = "<group>"; };
		96CC22FC25C0C26500179F85 /* Base */ = {isa = PBXFileReference; lastKnownFileType = file.storyboard; name = Base; path = Base.lproj/LaunchScreen.storyboard; sourceTree = "<group>"; };
		96CC22FE25C0C26500179F85 /* Info.plist */ = {isa = PBXFileReference; lastKnownFileType = text.plist.xml; path = Info.plist; sourceTree = "<group>"; };
		96CC230325C0C26500179F85 /* _24CalculatorTests.xctest */ = {isa = PBXFileReference; explicitFileType = wrapper.cfbundle; includeInIndex = 0; path = _24CalculatorTests.xctest; sourceTree = BUILT_PRODUCTS_DIR; };
		96CC230725C0C26500179F85 /* _24CalculatorTests.swift */ = {isa = PBXFileReference; lastKnownFileType = sourcecode.swift; path = _24CalculatorTests.swift; sourceTree = "<group>"; };
		96CC230925C0C26500179F85 /* Info.plist */ = {isa = PBXFileReference; lastKnownFileType = text.plist.xml; path = Info.plist; sourceTree = "<group>"; };
		96CC230E25C0C26500179F85 /* 24CalculatorUITests.xctest */ = {isa = PBXFileReference; explicitFileType = wrapper.cfbundle; includeInIndex = 0; path = 24CalculatorUITests.xctest; sourceTree = BUILT_PRODUCTS_DIR; };
		96CC231225C0C26600179F85 /* _24CalculatorUITests.swift */ = {isa = PBXFileReference; lastKnownFileType = sourcecode.swift; path = _24CalculatorUITests.swift; sourceTree = "<group>"; };
		96CC231425C0C26600179F85 /* Info.plist */ = {isa = PBXFileReference; lastKnownFileType = text.plist.xml; path = Info.plist; sourceTree = "<group>"; };
		B59BF42528D7DF07ADD104BD /* Pods-24Calculator.release.xcconfig */ = {isa = PBXFileReference; includeInIndex = 1; lastKnownFileType = text.xcconfig; name = "Pods-24Calculator.release.xcconfig"; path = "Target Support Files/Pods-24Calculator/Pods-24Calculator.release.xcconfig"; sourceTree = "<group>"; };
		B628A92686C8A058989ED0C2 /* Pods-24Calculator-24CalculatorUITests.release.xcconfig */ = {isa = PBXFileReference; includeInIndex = 1; lastKnownFileType = text.xcconfig; name = "Pods-24Calculator-24CalculatorUITests.release.xcconfig"; path = "Target Support Files/Pods-24Calculator-24CalculatorUITests/Pods-24Calculator-24CalculatorUITests.release.xcconfig"; sourceTree = "<group>"; };
		BF2967717B4C16E834A9BEC1 /* Pods-24Calculator-24CalculatorUITests.debug.xcconfig */ = {isa = PBXFileReference; includeInIndex = 1; lastKnownFileType = text.xcconfig; name = "Pods-24Calculator-24CalculatorUITests.debug.xcconfig"; path = "Target Support Files/Pods-24Calculator-24CalculatorUITests/Pods-24Calculator-24CalculatorUITests.debug.xcconfig"; sourceTree = "<group>"; };
		E274E14580F61472EF2C7AE1 /* Pods_24Calculator.framework */ = {isa = PBXFileReference; explicitFileType = wrapper.framework; includeInIndex = 0; path = Pods_24Calculator.framework; sourceTree = BUILT_PRODUCTS_DIR; };
		EACE57B334523041E81D82B6 /* Pods-24Calculator.debug.xcconfig */ = {isa = PBXFileReference; includeInIndex = 1; lastKnownFileType = text.xcconfig; name = "Pods-24Calculator.debug.xcconfig"; path = "Target Support Files/Pods-24Calculator/Pods-24Calculator.debug.xcconfig"; sourceTree = "<group>"; };
/* End PBXFileReference section */

/* Begin PBXFrameworksBuildPhase section */
		96CC22EA25C0C26300179F85 /* Frameworks */ = {
			isa = PBXFrameworksBuildPhase;
			buildActionMask = 2147483647;
			files = (
				D77FF277CA694951920D61C0 /* Pods_24Calculator.framework in Frameworks */,
			);
			runOnlyForDeploymentPostprocessing = 0;
		};
		96CC230025C0C26500179F85 /* Frameworks */ = {
			isa = PBXFrameworksBuildPhase;
			buildActionMask = 2147483647;
			files = (
			);
			runOnlyForDeploymentPostprocessing = 0;
		};
		96CC230B25C0C26500179F85 /* Frameworks */ = {
			isa = PBXFrameworksBuildPhase;
			buildActionMask = 2147483647;
			files = (
				C271E5B2A947627EB49BB93D /* Pods_24Calculator_24CalculatorUITests.framework in Frameworks */,
			);
			runOnlyForDeploymentPostprocessing = 0;
		};
/* End PBXFrameworksBuildPhase section */

/* Begin PBXGroup section */
		35F994E069AC8055EB719798 /* Pods */ = {
			isa = PBXGroup;
			children = (
				EACE57B334523041E81D82B6 /* Pods-24Calculator.debug.xcconfig */,
				B59BF42528D7DF07ADD104BD /* Pods-24Calculator.release.xcconfig */,
				BF2967717B4C16E834A9BEC1 /* Pods-24Calculator-24CalculatorUITests.debug.xcconfig */,
				B628A92686C8A058989ED0C2 /* Pods-24Calculator-24CalculatorUITests.release.xcconfig */,
			);
			path = Pods;
			sourceTree = "<group>";
		};
		8823FA66A89B9164E3A7E522 /* Frameworks */ = {
			isa = PBXGroup;
			children = (
				E274E14580F61472EF2C7AE1 /* Pods_24Calculator.framework */,
				4E703293F4135647A8CE6647 /* Pods_24Calculator_24CalculatorUITests.framework */,
			);
			name = Frameworks;
			sourceTree = "<group>";
		};
		9606649B25D4B02F007AC8D1 /* PageViewControllers */ = {
			isa = PBXGroup;
			children = (
				96CC22F625C0C26300179F85 /* Main.storyboard */,
				96CC22F425C0C26300179F85 /* ViewController.swift */,
				9606649C25D4B056007AC8D1 /* TutorialViewController.swift */,
				960664A425D4B06D007AC8D1 /* InfoViewController.swift */,
			);
			path = PageViewControllers;
			sourceTree = "<group>";
		};
		960664B425D4CECB007AC8D1 /* CalculateSolutions */ = {
			isa = PBXGroup;
			children = (
				960664BD25D4CF4B007AC8D1 /* CalculateSolutions.swift */,
			);
			path = CalculateSolutions;
			sourceTree = "<group>";
		};
		960664CC25D5C6F9007AC8D1 /* SingleSolutionCell */ = {
			isa = PBXGroup;
			children = (
				960664CE25D5C72A007AC8D1 /* SingleSolutionTableViewCell.xib */,
				960664CD25D5C72A007AC8D1 /* SingleSolutionTableViewCell.swift */,
			);
			path = SingleSolutionCell;
			sourceTree = "<group>";
		};
		9611233725C81E180016C7F9 /* TargetTextFieldView */ = {
			isa = PBXGroup;
			children = (
				9611233825C81E180016C7F9 /* TargetTextFieldView.xib */,
				9611233925C81E180016C7F9 /* TargetTextFieldView.swift */,
			);
			path = TargetTextFieldView;
			sourceTree = "<group>";
		};
		9611238625C91A3F0016C7F9 /* Subviews */ = {
			isa = PBXGroup;
			children = (
				960664CC25D5C6F9007AC8D1 /* SingleSolutionCell */,
				96BFFD1125D30A5000093E6F /* TooltipView */,
				967BF51F25CF281300F3B5A3 /* ReusableButtonView */,
				9611239025CA60DC0016C7F9 /* ReusableTextFieldView */,
				9611233725C81E180016C7F9 /* TargetTextFieldView */,
			);
			path = Subviews;
			sourceTree = "<group>";
		};
		9611239025CA60DC0016C7F9 /* ReusableTextFieldView */ = {
			isa = PBXGroup;
			children = (
				9611239125CA60DC0016C7F9 /* ReusableTextFieldView.xib */,
				9611239225CA60DC0016C7F9 /* ReusableTextFieldView.swift */,
			);
			path = ReusableTextFieldView;
			sourceTree = "<group>";
		};
		9657FCCE25D468540062CD02 /* Constants */ = {
			isa = PBXGroup;
			children = (
				9657FCCF25D468650062CD02 /* Constants.swift */,
			);
			path = Constants;
			sourceTree = "<group>";
		};
		967BF51F25CF281300F3B5A3 /* ReusableButtonView */ = {
			isa = PBXGroup;
			children = (
				967BF52525CF2D8700F3B5A3 /* ReusableButtonView.xib */,
				967BF52025CF283100F3B5A3 /* ReusableButtonView.swift */,
			);
			path = ReusableButtonView;
			sourceTree = "<group>";
		};
		96A1E4BB25C7EBCB006F9DD6 /* Fonts */ = {
			isa = PBXGroup;
			children = (
				96A1E4BC25C7EBCB006F9DD6 /* Nunito */,
			);
			path = Fonts;
			sourceTree = "<group>";
		};
		96A1E4BC25C7EBCB006F9DD6 /* Nunito */ = {
			isa = PBXGroup;
			children = (
				96A1E4BD25C7EBCB006F9DD6 /* Nunito-Regular.ttf */,
				96A1E4BE25C7EBCB006F9DD6 /* Nunito-Bold.ttf */,
				96A1E4BF25C7EBCB006F9DD6 /* Nunito-Black.ttf */,
				96A1E4C025C7EBCB006F9DD6 /* Nunito-BlackItalic.ttf */,
				96A1E4C125C7EBCB006F9DD6 /* OFL.txt */,
			);
			path = Nunito;
			sourceTree = "<group>";
		};
		96BFFD1125D30A5000093E6F /* TooltipView */ = {
			isa = PBXGroup;
			children = (
				96BFFD1325D30A5000093E6F /* TooltipView.xib */,
				96BFFD1425D30A5000093E6F /* TooltipView.swift */,
			);
			path = TooltipView;
			sourceTree = "<group>";
		};
		96CC22E425C0C26300179F85 = {
			isa = PBXGroup;
			children = (
				96CC22EF25C0C26300179F85 /* 24Calculator */,
				96CC230625C0C26500179F85 /* 24CalculatorTests */,
				96CC231125C0C26600179F85 /* 24CalculatorUITests */,
				96CC22EE25C0C26300179F85 /* Products */,
				35F994E069AC8055EB719798 /* Pods */,
				8823FA66A89B9164E3A7E522 /* Frameworks */,
			);
			sourceTree = "<group>";
		};
		96CC22EE25C0C26300179F85 /* Products */ = {
			isa = PBXGroup;
			children = (
				96CC22ED25C0C26300179F85 /* 24Calculator.app */,
				96CC230325C0C26500179F85 /* _24CalculatorTests.xctest */,
				96CC230E25C0C26500179F85 /* 24CalculatorUITests.xctest */,
			);
			name = Products;
			sourceTree = "<group>";
		};
		96CC22EF25C0C26300179F85 /* 24Calculator */ = {
			isa = PBXGroup;
			children = (
				96CC22F925C0C26500179F85 /* Assets.xcassets */,
				96CC22FB25C0C26500179F85 /* LaunchScreen.storyboard */,
				96CC22F025C0C26300179F85 /* AppDelegate.swift */,
				96CC22F225C0C26300179F85 /* SceneDelegate.swift */,
				960664B425D4CECB007AC8D1 /* CalculateSolutions */,
				9657FCCE25D468540062CD02 /* Constants */,
				96A1E4BB25C7EBCB006F9DD6 /* Fonts */,
				9606649B25D4B02F007AC8D1 /* PageViewControllers */,
				9611238625C91A3F0016C7F9 /* Subviews */,
				96CC22FE25C0C26500179F85 /* Info.plist */,
				967BF53225CF382600F3B5A3 /* NibLoadingView.swift */,
			);
			path = 24Calculator;
			sourceTree = "<group>";
		};
		96CC230625C0C26500179F85 /* 24CalculatorTests */ = {
			isa = PBXGroup;
			children = (
				96CC230725C0C26500179F85 /* _24CalculatorTests.swift */,
				96CC230925C0C26500179F85 /* Info.plist */,
			);
			path = 24CalculatorTests;
			sourceTree = "<group>";
		};
		96CC231125C0C26600179F85 /* 24CalculatorUITests */ = {
			isa = PBXGroup;
			children = (
				96CC231225C0C26600179F85 /* _24CalculatorUITests.swift */,
				96CC231425C0C26600179F85 /* Info.plist */,
			);
			path = 24CalculatorUITests;
			sourceTree = "<group>";
		};
/* End PBXGroup section */

/* Begin PBXNativeTarget section */
		96CC22EC25C0C26300179F85 /* 24Calculator */ = {
			isa = PBXNativeTarget;
			buildConfigurationList = 96CC231725C0C26600179F85 /* Build configuration list for PBXNativeTarget "24Calculator" */;
			buildPhases = (
				28B36010C8A91452C0F529C5 /* [CP] Check Pods Manifest.lock */,
				96CC22E925C0C26300179F85 /* Sources */,
				96CC22EA25C0C26300179F85 /* Frameworks */,
				96CC22EB25C0C26300179F85 /* Resources */,
			);
			buildRules = (
			);
			dependencies = (
			);
			name = 24Calculator;
			productName = 24Calculator;
			productReference = 96CC22ED25C0C26300179F85 /* 24Calculator.app */;
			productType = "com.apple.product-type.application";
		};
		96CC230225C0C26500179F85 /* _24CalculatorTests */ = {
			isa = PBXNativeTarget;
			buildConfigurationList = 96CC231A25C0C26600179F85 /* Build configuration list for PBXNativeTarget "_24CalculatorTests" */;
			buildPhases = (
				96CC22FF25C0C26500179F85 /* Sources */,
				96CC230025C0C26500179F85 /* Frameworks */,
				96CC230125C0C26500179F85 /* Resources */,
			);
			buildRules = (
			);
			dependencies = (
				96CC230525C0C26500179F85 /* PBXTargetDependency */,
			);
			name = _24CalculatorTests;
			productName = 24CalculatorTests;
			productReference = 96CC230325C0C26500179F85 /* _24CalculatorTests.xctest */;
			productType = "com.apple.product-type.bundle.unit-test";
		};
		96CC230D25C0C26500179F85 /* 24CalculatorUITests */ = {
			isa = PBXNativeTarget;
			buildConfigurationList = 96CC231D25C0C26600179F85 /* Build configuration list for PBXNativeTarget "24CalculatorUITests" */;
			buildPhases = (
				D45A55360DB1DBBEE1F6438E /* [CP] Check Pods Manifest.lock */,
				96CC230A25C0C26500179F85 /* Sources */,
				96CC230B25C0C26500179F85 /* Frameworks */,
				96CC230C25C0C26500179F85 /* Resources */,
			);
			buildRules = (
			);
			dependencies = (
				96CC231025C0C26500179F85 /* PBXTargetDependency */,
			);
			name = 24CalculatorUITests;
			productName = 24CalculatorUITests;
			productReference = 96CC230E25C0C26500179F85 /* 24CalculatorUITests.xctest */;
			productType = "com.apple.product-type.bundle.ui-testing";
		};
/* End PBXNativeTarget section */

/* Begin PBXProject section */
		96CC22E525C0C26300179F85 /* Project object */ = {
			isa = PBXProject;
			attributes = {
				LastSwiftUpdateCheck = 1220;
				LastUpgradeCheck = 1220;
				TargetAttributes = {
					96CC22EC25C0C26300179F85 = {
						CreatedOnToolsVersion = 12.2;
					};
					96CC230225C0C26500179F85 = {
						CreatedOnToolsVersion = 12.2;
						TestTargetID = 96CC22EC25C0C26300179F85;
					};
					96CC230D25C0C26500179F85 = {
						CreatedOnToolsVersion = 12.2;
						TestTargetID = 96CC22EC25C0C26300179F85;
					};
				};
			};
			buildConfigurationList = 96CC22E825C0C26300179F85 /* Build configuration list for PBXProject "24Calculator" */;
			compatibilityVersion = "Xcode 9.3";
			developmentRegion = en;
			hasScannedForEncodings = 0;
			knownRegions = (
				en,
				Base,
			);
			mainGroup = 96CC22E425C0C26300179F85;
			productRefGroup = 96CC22EE25C0C26300179F85 /* Products */;
			projectDirPath = "";
			projectRoot = "";
			targets = (
				96CC22EC25C0C26300179F85 /* 24Calculator */,
				96CC230225C0C26500179F85 /* _24CalculatorTests */,
				96CC230D25C0C26500179F85 /* 24CalculatorUITests */,
			);
		};
/* End PBXProject section */

/* Begin PBXResourcesBuildPhase section */
		96CC22EB25C0C26300179F85 /* Resources */ = {
			isa = PBXResourcesBuildPhase;
			buildActionMask = 2147483647;
			files = (
				96A1E4C625C7EBCB006F9DD6 /* OFL.txt in Resources */,
				96A1E4C525C7EBCB006F9DD6 /* Nunito-BlackItalic.ttf in Resources */,
				96BFFD1625D30A5000093E6F /* TooltipView.xib in Resources */,
				96A1E4C225C7EBCB006F9DD6 /* Nunito-Regular.ttf in Resources */,
				9611239325CA60DC0016C7F9 /* ReusableTextFieldView.xib in Resources */,
				96CC22FD25C0C26500179F85 /* LaunchScreen.storyboard in Resources */,
				96A1E4C325C7EBCB006F9DD6 /* Nunito-Bold.ttf in Resources */,
				9611233A25C81E180016C7F9 /* TargetTextFieldView.xib in Resources */,
				96CC22FA25C0C26500179F85 /* Assets.xcassets in Resources */,
				967BF52625CF2D8700F3B5A3 /* ReusableButtonView.xib in Resources */,
				960664D025D5C72A007AC8D1 /* SingleSolutionTableViewCell.xib in Resources */,
				96CC22F825C0C26300179F85 /* Main.storyboard in Resources */,
				96A1E4C425C7EBCB006F9DD6 /* Nunito-Black.ttf in Resources */,
			);
			runOnlyForDeploymentPostprocessing = 0;
		};
		96CC230125C0C26500179F85 /* Resources */ = {
			isa = PBXResourcesBuildPhase;
			buildActionMask = 2147483647;
			files = (
			);
			runOnlyForDeploymentPostprocessing = 0;
		};
		96CC230C25C0C26500179F85 /* Resources */ = {
			isa = PBXResourcesBuildPhase;
			buildActionMask = 2147483647;
			files = (
			);
			runOnlyForDeploymentPostprocessing = 0;
		};
/* End PBXResourcesBuildPhase section */

/* Begin PBXShellScriptBuildPhase section */
		28B36010C8A91452C0F529C5 /* [CP] Check Pods Manifest.lock */ = {
			isa = PBXShellScriptBuildPhase;
			buildActionMask = 2147483647;
			files = (
			);
			inputFileListPaths = (
			);
			inputPaths = (
				"${PODS_PODFILE_DIR_PATH}/Podfile.lock",
				"${PODS_ROOT}/Manifest.lock",
			);
			name = "[CP] Check Pods Manifest.lock";
			outputFileListPaths = (
			);
			outputPaths = (
				"$(DERIVED_FILE_DIR)/Pods-24Calculator-checkManifestLockResult.txt",
			);
			runOnlyForDeploymentPostprocessing = 0;
			shellPath = /bin/sh;
			shellScript = "diff \"${PODS_PODFILE_DIR_PATH}/Podfile.lock\" \"${PODS_ROOT}/Manifest.lock\" > /dev/null\nif [ $? != 0 ] ; then\n    # print error to STDERR\n    echo \"error: The sandbox is not in sync with the Podfile.lock. Run 'pod install' or update your CocoaPods installation.\" >&2\n    exit 1\nfi\n# This output is used by Xcode 'outputs' to avoid re-running this script phase.\necho \"SUCCESS\" > \"${SCRIPT_OUTPUT_FILE_0}\"\n";
			showEnvVarsInLog = 0;
		};
		D45A55360DB1DBBEE1F6438E /* [CP] Check Pods Manifest.lock */ = {
			isa = PBXShellScriptBuildPhase;
			buildActionMask = 2147483647;
			files = (
			);
			inputFileListPaths = (
			);
			inputPaths = (
				"${PODS_PODFILE_DIR_PATH}/Podfile.lock",
				"${PODS_ROOT}/Manifest.lock",
			);
			name = "[CP] Check Pods Manifest.lock";
			outputFileListPaths = (
			);
			outputPaths = (
				"$(DERIVED_FILE_DIR)/Pods-24Calculator-24CalculatorUITests-checkManifestLockResult.txt",
			);
			runOnlyForDeploymentPostprocessing = 0;
			shellPath = /bin/sh;
			shellScript = "diff \"${PODS_PODFILE_DIR_PATH}/Podfile.lock\" \"${PODS_ROOT}/Manifest.lock\" > /dev/null\nif [ $? != 0 ] ; then\n    # print error to STDERR\n    echo \"error: The sandbox is not in sync with the Podfile.lock. Run 'pod install' or update your CocoaPods installation.\" >&2\n    exit 1\nfi\n# This output is used by Xcode 'outputs' to avoid re-running this script phase.\necho \"SUCCESS\" > \"${SCRIPT_OUTPUT_FILE_0}\"\n";
			showEnvVarsInLog = 0;
		};
/* End PBXShellScriptBuildPhase section */

/* Begin PBXSourcesBuildPhase section */
		96CC22E925C0C26300179F85 /* Sources */ = {
			isa = PBXSourcesBuildPhase;
			buildActionMask = 2147483647;
			files = (
				96CC22F525C0C26300179F85 /* ViewController.swift in Sources */,
				960664BE25D4CF4B007AC8D1 /* CalculateSolutions.swift in Sources */,
				960664A525D4B06D007AC8D1 /* InfoViewController.swift in Sources */,
				96CC22F125C0C26300179F85 /* AppDelegate.swift in Sources */,
				9606649D25D4B056007AC8D1 /* TutorialViewController.swift in Sources */,
				960664CF25D5C72A007AC8D1 /* SingleSolutionTableViewCell.swift in Sources */,
				96CC22F325C0C26300179F85 /* SceneDelegate.swift in Sources */,
				9611233B25C81E180016C7F9 /* TargetTextFieldView.swift in Sources */,
				967BF53325CF382600F3B5A3 /* NibLoadingView.swift in Sources */,
				9657FCD025D468650062CD02 /* Constants.swift in Sources */,
				96BFFD1725D30A5000093E6F /* TooltipView.swift in Sources */,
				967BF52125CF283100F3B5A3 /* ReusableButtonView.swift in Sources */,
				9611239425CA60DC0016C7F9 /* ReusableTextFieldView.swift in Sources */,
			);
			runOnlyForDeploymentPostprocessing = 0;
		};
		96CC22FF25C0C26500179F85 /* Sources */ = {
			isa = PBXSourcesBuildPhase;
			buildActionMask = 2147483647;
			files = (
				96CC230825C0C26500179F85 /* _24CalculatorTests.swift in Sources */,
			);
			runOnlyForDeploymentPostprocessing = 0;
		};
		96CC230A25C0C26500179F85 /* Sources */ = {
			isa = PBXSourcesBuildPhase;
			buildActionMask = 2147483647;
			files = (
				96CC231325C0C26600179F85 /* _24CalculatorUITests.swift in Sources */,
			);
			runOnlyForDeploymentPostprocessing = 0;
		};
/* End PBXSourcesBuildPhase section */

/* Begin PBXTargetDependency section */
		96CC230525C0C26500179F85 /* PBXTargetDependency */ = {
			isa = PBXTargetDependency;
			target = 96CC22EC25C0C26300179F85 /* 24Calculator */;
			targetProxy = 96CC230425C0C26500179F85 /* PBXContainerItemProxy */;
		};
		96CC231025C0C26500179F85 /* PBXTargetDependency */ = {
			isa = PBXTargetDependency;
			target = 96CC22EC25C0C26300179F85 /* 24Calculator */;
			targetProxy = 96CC230F25C0C26500179F85 /* PBXContainerItemProxy */;
		};
/* End PBXTargetDependency section */

/* Begin PBXVariantGroup section */
		96CC22F625C0C26300179F85 /* Main.storyboard */ = {
			isa = PBXVariantGroup;
			children = (
				96CC22F725C0C26300179F85 /* Base */,
			);
			name = Main.storyboard;
			sourceTree = "<group>";
		};
		96CC22FB25C0C26500179F85 /* LaunchScreen.storyboard */ = {
			isa = PBXVariantGroup;
			children = (
				96CC22FC25C0C26500179F85 /* Base */,
			);
			name = LaunchScreen.storyboard;
			sourceTree = "<group>";
		};
/* End PBXVariantGroup section */

/* Begin XCBuildConfiguration section */
		96CC231525C0C26600179F85 /* Debug */ = {
			isa = XCBuildConfiguration;
			buildSettings = {
				ALWAYS_SEARCH_USER_PATHS = NO;
				CLANG_ANALYZER_NONNULL = YES;
				CLANG_ANALYZER_NUMBER_OBJECT_CONVERSION = YES_AGGRESSIVE;
				CLANG_CXX_LANGUAGE_STANDARD = "gnu++14";
				CLANG_CXX_LIBRARY = "libc++";
				CLANG_ENABLE_MODULES = YES;
				CLANG_ENABLE_OBJC_ARC = YES;
				CLANG_ENABLE_OBJC_WEAK = YES;
				CLANG_WARN_BLOCK_CAPTURE_AUTORELEASING = YES;
				CLANG_WARN_BOOL_CONVERSION = YES;
				CLANG_WARN_COMMA = YES;
				CLANG_WARN_CONSTANT_CONVERSION = YES;
				CLANG_WARN_DEPRECATED_OBJC_IMPLEMENTATIONS = YES;
				CLANG_WARN_DIRECT_OBJC_ISA_USAGE = YES_ERROR;
				CLANG_WARN_DOCUMENTATION_COMMENTS = YES;
				CLANG_WARN_EMPTY_BODY = YES;
				CLANG_WARN_ENUM_CONVERSION = YES;
				CLANG_WARN_INFINITE_RECURSION = YES;
				CLANG_WARN_INT_CONVERSION = YES;
				CLANG_WARN_NON_LITERAL_NULL_CONVERSION = YES;
				CLANG_WARN_OBJC_IMPLICIT_RETAIN_SELF = YES;
				CLANG_WARN_OBJC_LITERAL_CONVERSION = YES;
				CLANG_WARN_OBJC_ROOT_CLASS = YES_ERROR;
				CLANG_WARN_QUOTED_INCLUDE_IN_FRAMEWORK_HEADER = YES;
				CLANG_WARN_RANGE_LOOP_ANALYSIS = YES;
				CLANG_WARN_STRICT_PROTOTYPES = YES;
				CLANG_WARN_SUSPICIOUS_MOVE = YES;
				CLANG_WARN_UNGUARDED_AVAILABILITY = YES_AGGRESSIVE;
				CLANG_WARN_UNREACHABLE_CODE = YES;
				CLANG_WARN__DUPLICATE_METHOD_MATCH = YES;
				COPY_PHASE_STRIP = NO;
				DEBUG_INFORMATION_FORMAT = dwarf;
				ENABLE_STRICT_OBJC_MSGSEND = YES;
				ENABLE_TESTABILITY = YES;
				GCC_C_LANGUAGE_STANDARD = gnu11;
				GCC_DYNAMIC_NO_PIC = NO;
				GCC_NO_COMMON_BLOCKS = YES;
				GCC_OPTIMIZATION_LEVEL = 0;
				GCC_PREPROCESSOR_DEFINITIONS = (
					"DEBUG=1",
					"$(inherited)",
				);
				GCC_WARN_64_TO_32_BIT_CONVERSION = YES;
				GCC_WARN_ABOUT_RETURN_TYPE = YES_ERROR;
				GCC_WARN_UNDECLARED_SELECTOR = YES;
				GCC_WARN_UNINITIALIZED_AUTOS = YES_AGGRESSIVE;
				GCC_WARN_UNUSED_FUNCTION = YES;
				GCC_WARN_UNUSED_VARIABLE = YES;
				IBSC_MODULE = "$(PRODUCT_MODULE_NAME)";
				IPHONEOS_DEPLOYMENT_TARGET = 14.2;
				MTL_ENABLE_DEBUG_INFO = INCLUDE_SOURCE;
				MTL_FAST_MATH = YES;
				ONLY_ACTIVE_ARCH = YES;
				PRODUCT_MODULE_NAME = _24Calculator;
				SDKROOT = iphoneos;
				SWIFT_ACTIVE_COMPILATION_CONDITIONS = DEBUG;
				SWIFT_OPTIMIZATION_LEVEL = "-Onone";
			};
			name = Debug;
		};
		96CC231625C0C26600179F85 /* Release */ = {
			isa = XCBuildConfiguration;
			buildSettings = {
				ALWAYS_SEARCH_USER_PATHS = NO;
				CLANG_ANALYZER_NONNULL = YES;
				CLANG_ANALYZER_NUMBER_OBJECT_CONVERSION = YES_AGGRESSIVE;
				CLANG_CXX_LANGUAGE_STANDARD = "gnu++14";
				CLANG_CXX_LIBRARY = "libc++";
				CLANG_ENABLE_MODULES = YES;
				CLANG_ENABLE_OBJC_ARC = YES;
				CLANG_ENABLE_OBJC_WEAK = YES;
				CLANG_WARN_BLOCK_CAPTURE_AUTORELEASING = YES;
				CLANG_WARN_BOOL_CONVERSION = YES;
				CLANG_WARN_COMMA = YES;
				CLANG_WARN_CONSTANT_CONVERSION = YES;
				CLANG_WARN_DEPRECATED_OBJC_IMPLEMENTATIONS = YES;
				CLANG_WARN_DIRECT_OBJC_ISA_USAGE = YES_ERROR;
				CLANG_WARN_DOCUMENTATION_COMMENTS = YES;
				CLANG_WARN_EMPTY_BODY = YES;
				CLANG_WARN_ENUM_CONVERSION = YES;
				CLANG_WARN_INFINITE_RECURSION = YES;
				CLANG_WARN_INT_CONVERSION = YES;
				CLANG_WARN_NON_LITERAL_NULL_CONVERSION = YES;
				CLANG_WARN_OBJC_IMPLICIT_RETAIN_SELF = YES;
				CLANG_WARN_OBJC_LITERAL_CONVERSION = YES;
				CLANG_WARN_OBJC_ROOT_CLASS = YES_ERROR;
				CLANG_WARN_QUOTED_INCLUDE_IN_FRAMEWORK_HEADER = YES;
				CLANG_WARN_RANGE_LOOP_ANALYSIS = YES;
				CLANG_WARN_STRICT_PROTOTYPES = YES;
				CLANG_WARN_SUSPICIOUS_MOVE = YES;
				CLANG_WARN_UNGUARDED_AVAILABILITY = YES_AGGRESSIVE;
				CLANG_WARN_UNREACHABLE_CODE = YES;
				CLANG_WARN__DUPLICATE_METHOD_MATCH = YES;
				COPY_PHASE_STRIP = NO;
				DEBUG_INFORMATION_FORMAT = "dwarf-with-dsym";
				ENABLE_NS_ASSERTIONS = NO;
				ENABLE_STRICT_OBJC_MSGSEND = YES;
				GCC_C_LANGUAGE_STANDARD = gnu11;
				GCC_NO_COMMON_BLOCKS = YES;
				GCC_WARN_64_TO_32_BIT_CONVERSION = YES;
				GCC_WARN_ABOUT_RETURN_TYPE = YES_ERROR;
				GCC_WARN_UNDECLARED_SELECTOR = YES;
				GCC_WARN_UNINITIALIZED_AUTOS = YES_AGGRESSIVE;
				GCC_WARN_UNUSED_FUNCTION = YES;
				GCC_WARN_UNUSED_VARIABLE = YES;
				IBSC_MODULE = "$(PRODUCT_MODULE_NAME)";
				IPHONEOS_DEPLOYMENT_TARGET = 14.2;
				MTL_ENABLE_DEBUG_INFO = NO;
				MTL_FAST_MATH = YES;
				PRODUCT_MODULE_NAME = _24Calculator;
				SDKROOT = iphoneos;
				SWIFT_COMPILATION_MODE = wholemodule;
				SWIFT_OPTIMIZATION_LEVEL = "-O";
				VALIDATE_PRODUCT = YES;
			};
			name = Release;
		};
		96CC231825C0C26600179F85 /* Debug */ = {
			isa = XCBuildConfiguration;
			baseConfigurationReference = EACE57B334523041E81D82B6 /* Pods-24Calculator.debug.xcconfig */;
			buildSettings = {
				ASSETCATALOG_COMPILER_APPICON_NAME = AppIcon;
				ASSETCATALOG_COMPILER_GLOBAL_ACCENT_COLOR_NAME = AccentColor;
				CODE_SIGN_STYLE = Automatic;
				DEVELOPMENT_TEAM = 69H7TRL85F;
				INFOPLIST_FILE = 24Calculator/Info.plist;
				LD_RUNPATH_SEARCH_PATHS = (
					"$(inherited)",
					"@executable_path/Frameworks",
				);
				PRODUCT_BUNDLE_IDENTIFIER = "Anthony-Madison.24-Calculator";
				PRODUCT_NAME = "$(TARGET_NAME)";
				SWIFT_VERSION = 5.0;
				TARGETED_DEVICE_FAMILY = "1,2";
			};
			name = Debug;
		};
		96CC231925C0C26600179F85 /* Release */ = {
			isa = XCBuildConfiguration;
			baseConfigurationReference = B59BF42528D7DF07ADD104BD /* Pods-24Calculator.release.xcconfig */;
			buildSettings = {
				ASSETCATALOG_COMPILER_APPICON_NAME = AppIcon;
				ASSETCATALOG_COMPILER_GLOBAL_ACCENT_COLOR_NAME = AccentColor;
				CODE_SIGN_STYLE = Automatic;
				DEVELOPMENT_TEAM = 69H7TRL85F;
				INFOPLIST_FILE = 24Calculator/Info.plist;
				LD_RUNPATH_SEARCH_PATHS = (
					"$(inherited)",
					"@executable_path/Frameworks",
				);
				PRODUCT_BUNDLE_IDENTIFIER = "Anthony-Madison.24-Calculator";
				PRODUCT_NAME = "$(TARGET_NAME)";
				SWIFT_VERSION = 5.0;
				TARGETED_DEVICE_FAMILY = "1,2";
			};
			name = Release;
		};
		96CC231B25C0C26600179F85 /* Debug */ = {
			isa = XCBuildConfiguration;
			buildSettings = {
				ALWAYS_EMBED_SWIFT_STANDARD_LIBRARIES = YES;
				BUNDLE_LOADER = "$(TEST_HOST)";
				CODE_SIGN_STYLE = Automatic;
				DEVELOPMENT_TEAM = 69H7TRL85F;
				INFOPLIST_FILE = 24CalculatorTests/Info.plist;
				IPHONEOS_DEPLOYMENT_TARGET = 14.2;
				LD_RUNPATH_SEARCH_PATHS = (
					"$(inherited)",
					"@executable_path/Frameworks",
					"@loader_path/Frameworks",
				);
				PRODUCT_BUNDLE_IDENTIFIER = "Anthony-Madison.24CalculatorTests";
				PRODUCT_NAME = "$(TARGET_NAME)";
				SWIFT_VERSION = 5.0;
				TARGETED_DEVICE_FAMILY = "1,2";
				TEST_HOST = "$(BUILT_PRODUCTS_DIR)/24Calculator.app/24Calculator";
			};
			name = Debug;
		};
		96CC231C25C0C26600179F85 /* Release */ = {
			isa = XCBuildConfiguration;
			buildSettings = {
				ALWAYS_EMBED_SWIFT_STANDARD_LIBRARIES = YES;
				BUNDLE_LOADER = "$(TEST_HOST)";
				CODE_SIGN_STYLE = Automatic;
				DEVELOPMENT_TEAM = 69H7TRL85F;
				INFOPLIST_FILE = 24CalculatorTests/Info.plist;
				IPHONEOS_DEPLOYMENT_TARGET = 14.2;
				LD_RUNPATH_SEARCH_PATHS = (
					"$(inherited)",
					"@executable_path/Frameworks",
					"@loader_path/Frameworks",
				);
				PRODUCT_BUNDLE_IDENTIFIER = "Anthony-Madison.24CalculatorTests";
				PRODUCT_NAME = "$(TARGET_NAME)";
				SWIFT_VERSION = 5.0;
				TARGETED_DEVICE_FAMILY = "1,2";
				TEST_HOST = "$(BUILT_PRODUCTS_DIR)/24Calculator.app/24Calculator";
			};
			name = Release;
		};
		96CC231E25C0C26600179F85 /* Debug */ = {
			isa = XCBuildConfiguration;
			baseConfigurationReference = BF2967717B4C16E834A9BEC1 /* Pods-24Calculator-24CalculatorUITests.debug.xcconfig */;
			buildSettings = {
				ALWAYS_EMBED_SWIFT_STANDARD_LIBRARIES = YES;
				CODE_SIGN_STYLE = Automatic;
				DEVELOPMENT_TEAM = 69H7TRL85F;
				INFOPLIST_FILE = 24CalculatorUITests/Info.plist;
				LD_RUNPATH_SEARCH_PATHS = (
					"$(inherited)",
					"@executable_path/Frameworks",
					"@loader_path/Frameworks",
				);
				PRODUCT_BUNDLE_IDENTIFIER = "Anthony-Madison.24CalculatorUITests";
				PRODUCT_NAME = "$(TARGET_NAME)";
				SWIFT_VERSION = 5.0;
				TARGETED_DEVICE_FAMILY = "1,2";
				TEST_TARGET_NAME = 24Calculator;
			};
			name = Debug;
		};
		96CC231F25C0C26600179F85 /* Release */ = {
			isa = XCBuildConfiguration;
			baseConfigurationReference = B628A92686C8A058989ED0C2 /* Pods-24Calculator-24CalculatorUITests.release.xcconfig */;
			buildSettings = {
				ALWAYS_EMBED_SWIFT_STANDARD_LIBRARIES = YES;
				CODE_SIGN_STYLE = Automatic;
				DEVELOPMENT_TEAM = 69H7TRL85F;
				INFOPLIST_FILE = 24CalculatorUITests/Info.plist;
				LD_RUNPATH_SEARCH_PATHS = (
					"$(inherited)",
					"@executable_path/Frameworks",
					"@loader_path/Frameworks",
				);
				PRODUCT_BUNDLE_IDENTIFIER = "Anthony-Madison.24CalculatorUITests";
				PRODUCT_NAME = "$(TARGET_NAME)";
				SWIFT_VERSION = 5.0;
				TARGETED_DEVICE_FAMILY = "1,2";
				TEST_TARGET_NAME = 24Calculator;
			};
			name = Release;
		};
/* End XCBuildConfiguration section */

/* Begin XCConfigurationList section */
		96CC22E825C0C26300179F85 /* Build configuration list for PBXProject "24Calculator" */ = {
			isa = XCConfigurationList;
			buildConfigurations = (
				96CC231525C0C26600179F85 /* Debug */,
				96CC231625C0C26600179F85 /* Release */,
			);
			defaultConfigurationIsVisible = 0;
			defaultConfigurationName = Release;
		};
		96CC231725C0C26600179F85 /* Build configuration list for PBXNativeTarget "24Calculator" */ = {
			isa = XCConfigurationList;
			buildConfigurations = (
				96CC231825C0C26600179F85 /* Debug */,
				96CC231925C0C26600179F85 /* Release */,
			);
			defaultConfigurationIsVisible = 0;
			defaultConfigurationName = Release;
		};
		96CC231A25C0C26600179F85 /* Build configuration list for PBXNativeTarget "_24CalculatorTests" */ = {
			isa = XCConfigurationList;
			buildConfigurations = (
				96CC231B25C0C26600179F85 /* Debug */,
				96CC231C25C0C26600179F85 /* Release */,
			);
			defaultConfigurationIsVisible = 0;
			defaultConfigurationName = Release;
		};
		96CC231D25C0C26600179F85 /* Build configuration list for PBXNativeTarget "24CalculatorUITests" */ = {
			isa = XCConfigurationList;
			buildConfigurations = (
				96CC231E25C0C26600179F85 /* Debug */,
				96CC231F25C0C26600179F85 /* Release */,
			);
			defaultConfigurationIsVisible = 0;
			defaultConfigurationName = Release;
		};
/* End XCConfigurationList section */
	};
	rootObject = 96CC22E525C0C26300179F85 /* Project object */;
}
